// !$*UTF8*$!
{
	archiveVersion = 1;
	classes = {
	};
	objectVersion = 56;
	objects = {

/* Begin PBXBuildFile section */
		43D5F8702A529E4B00014D99 /* AppDelegate.swift in Sources */ = {isa = PBXBuildFile; fileRef = 43D5F86F2A529E4B00014D99 /* AppDelegate.swift */; };
		43D5F8742A529E4B00014D99 /* ContactListViewController.swift in Sources */ = {isa = PBXBuildFile; fileRef = 43D5F8732A529E4B00014D99 /* ContactListViewController.swift */; };
		43D5F8772A529E4B00014D99 /* Main.storyboard in Resources */ = {isa = PBXBuildFile; fileRef = 43D5F8752A529E4B00014D99 /* Main.storyboard */; };
		43D5F8792A529E5000014D99 /* Assets.xcassets in Resources */ = {isa = PBXBuildFile; fileRef = 43D5F8782A529E5000014D99 /* Assets.xcassets */; };
		43D5F87C2A529E5000014D99 /* LaunchScreen.storyboard in Resources */ = {isa = PBXBuildFile; fileRef = 43D5F87A2A529E5000014D99 /* LaunchScreen.storyboard */; };
		43D5F8A82A52A04700014D99 /* data.json in Resources */ = {isa = PBXBuildFile; fileRef = 43D5F8A72A52A04700014D99 /* data.json */; };
		43D5F8A92A52A04700014D99 /* data.json in Resources */ = {isa = PBXBuildFile; fileRef = 43D5F8A72A52A04700014D99 /* data.json */; };
		43D5F8AB2A52A06500014D99 /* ModelTests.swift in Sources */ = {isa = PBXBuildFile; fileRef = 43D5F8AA2A52A06500014D99 /* ModelTests.swift */; };
		43D5F8AD2A52A08E00014D99 /* Contact.swift in Sources */ = {isa = PBXBuildFile; fileRef = 43D5F8AC2A52A08E00014D99 /* Contact.swift */; };
		43D5F8AE2A52A08E00014D99 /* Contact.swift in Sources */ = {isa = PBXBuildFile; fileRef = 43D5F8AC2A52A08E00014D99 /* Contact.swift */; };
		43D5F8B12A52A11500014D99 /* Colors.swift in Sources */ = {isa = PBXBuildFile; fileRef = 43D5F8B02A52A11500014D99 /* Colors.swift */; };
		43D5F8B22A52A11500014D99 /* Colors.swift in Sources */ = {isa = PBXBuildFile; fileRef = 43D5F8B02A52A11500014D99 /* Colors.swift */; };
		43D5F8B42A52A12F00014D99 /* ContactListViewModel.swift in Sources */ = {isa = PBXBuildFile; fileRef = 43D5F8B32A52A12F00014D99 /* ContactListViewModel.swift */; };
		43D5F8B52A52A12F00014D99 /* ContactListViewModel.swift in Sources */ = {isa = PBXBuildFile; fileRef = 43D5F8B32A52A12F00014D99 /* ContactListViewModel.swift */; };
		43D5F8B72A52A13900014D99 /* ContactDetailViewModel.swift in Sources */ = {isa = PBXBuildFile; fileRef = 43D5F8B62A52A13900014D99 /* ContactDetailViewModel.swift */; };
		43D5F8B82A52A13900014D99 /* ContactDetailViewModel.swift in Sources */ = {isa = PBXBuildFile; fileRef = 43D5F8B62A52A13900014D99 /* ContactDetailViewModel.swift */; };
		43D5F8BA2A52A17200014D99 /* ContactDetailViewController.swift in Sources */ = {isa = PBXBuildFile; fileRef = 43D5F8B92A52A17200014D99 /* ContactDetailViewController.swift */; };
		43D5F8BB2A52A17200014D99 /* ContactDetailViewController.swift in Sources */ = {isa = PBXBuildFile; fileRef = 43D5F8B92A52A17200014D99 /* ContactDetailViewController.swift */; };
		43D5F8C02A52A21400014D99 /* ContactListViewModelTests.swift in Sources */ = {isa = PBXBuildFile; fileRef = 43D5F8BF2A52A21400014D99 /* ContactListViewModelTests.swift */; };
		43D5F8C22A52A22000014D99 /* ContactDetailViewModelTests.swift in Sources */ = {isa = PBXBuildFile; fileRef = 43D5F8C12A52A22000014D99 /* ContactDetailViewModelTests.swift */; };
		6C3A93EDE869E11AC221E811 /* Pods_tw_test.framework in Frameworks */ = {isa = PBXBuildFile; fileRef = 9F27D49FCF512B06B48CB760 /* Pods_tw_test.framework */; };
		CF910ED2A23417F42E732E44 /* Pods_tw_testTests.framework in Frameworks */ = {isa = PBXBuildFile; fileRef = 54DAA0ED7DA3F2EB710DCF07 /* Pods_tw_testTests.framework */; };
/* End PBXBuildFile section */

/* Begin PBXContainerItemProxy section */
		43D5F8832A529E5000014D99 /* PBXContainerItemProxy */ = {
			isa = PBXContainerItemProxy;
			containerPortal = 43D5F8642A529E4B00014D99 /* Project object */;
			proxyType = 1;
			remoteGlobalIDString = 43D5F86B2A529E4B00014D99;
			remoteInfo = "tw-test";
		};
/* End PBXContainerItemProxy section */

/* Begin PBXFileReference section */
		43D5F86C2A529E4B00014D99 /* tw-test.app */ = {isa = PBXFileReference; explicitFileType = wrapper.application; includeInIndex = 0; path = "tw-test.app"; sourceTree = BUILT_PRODUCTS_DIR; };
		43D5F86F2A529E4B00014D99 /* AppDelegate.swift */ = {isa = PBXFileReference; lastKnownFileType = sourcecode.swift; path = AppDelegate.swift; sourceTree = "<group>"; };
		43D5F8732A529E4B00014D99 /* ContactListViewController.swift */ = {isa = PBXFileReference; lastKnownFileType = sourcecode.swift; path = ContactListViewController.swift; sourceTree = "<group>"; };
		43D5F8762A529E4B00014D99 /* Base */ = {isa = PBXFileReference; lastKnownFileType = file.storyboard; name = Base; path = Base.lproj/Main.storyboard; sourceTree = "<group>"; };
		43D5F8782A529E5000014D99 /* Assets.xcassets */ = {isa = PBXFileReference; lastKnownFileType = folder.assetcatalog; path = Assets.xcassets; sourceTree = "<group>"; };
		43D5F87B2A529E5000014D99 /* Base */ = {isa = PBXFileReference; lastKnownFileType = file.storyboard; name = Base; path = Base.lproj/LaunchScreen.storyboard; sourceTree = "<group>"; };
		43D5F87D2A529E5000014D99 /* Info.plist */ = {isa = PBXFileReference; lastKnownFileType = text.plist.xml; path = Info.plist; sourceTree = "<group>"; };
		43D5F8822A529E5000014D99 /* tw-testTests.xctest */ = {isa = PBXFileReference; explicitFileType = wrapper.cfbundle; includeInIndex = 0; path = "tw-testTests.xctest"; sourceTree = BUILT_PRODUCTS_DIR; };
		43D5F8A72A52A04700014D99 /* data.json */ = {isa = PBXFileReference; fileEncoding = 4; lastKnownFileType = text.json; path = data.json; sourceTree = "<group>"; };
		43D5F8AA2A52A06500014D99 /* ModelTests.swift */ = {isa = PBXFileReference; lastKnownFileType = sourcecode.swift; path = ModelTests.swift; sourceTree = "<group>"; };
		43D5F8AC2A52A08E00014D99 /* Contact.swift */ = {isa = PBXFileReference; lastKnownFileType = sourcecode.swift; path = Contact.swift; sourceTree = "<group>"; };
		43D5F8B02A52A11500014D99 /* Colors.swift */ = {isa = PBXFileReference; lastKnownFileType = sourcecode.swift; path = Colors.swift; sourceTree = "<group>"; };
		43D5F8B32A52A12F00014D99 /* ContactListViewModel.swift */ = {isa = PBXFileReference; lastKnownFileType = sourcecode.swift; path = ContactListViewModel.swift; sourceTree = "<group>"; };
		43D5F8B62A52A13900014D99 /* ContactDetailViewModel.swift */ = {isa = PBXFileReference; lastKnownFileType = sourcecode.swift; path = ContactDetailViewModel.swift; sourceTree = "<group>"; };
		43D5F8B92A52A17200014D99 /* ContactDetailViewController.swift */ = {isa = PBXFileReference; lastKnownFileType = sourcecode.swift; path = ContactDetailViewController.swift; sourceTree = "<group>"; };
		43D5F8BF2A52A21400014D99 /* ContactListViewModelTests.swift */ = {isa = PBXFileReference; lastKnownFileType = sourcecode.swift; path = ContactListViewModelTests.swift; sourceTree = "<group>"; };
		43D5F8C12A52A22000014D99 /* ContactDetailViewModelTests.swift */ = {isa = PBXFileReference; lastKnownFileType = sourcecode.swift; path = ContactDetailViewModelTests.swift; sourceTree = "<group>"; };
		54DAA0ED7DA3F2EB710DCF07 /* Pods_tw_testTests.framework */ = {isa = PBXFileReference; explicitFileType = wrapper.framework; includeInIndex = 0; path = Pods_tw_testTests.framework; sourceTree = BUILT_PRODUCTS_DIR; };
		561908F3873810C215C7BB4C /* Pods-tw-testTests.release.xcconfig */ = {isa = PBXFileReference; includeInIndex = 1; lastKnownFileType = text.xcconfig; name = "Pods-tw-testTests.release.xcconfig"; path = "Target Support Files/Pods-tw-testTests/Pods-tw-testTests.release.xcconfig"; sourceTree = "<group>"; };
		840F65D447D6EA47D8253219 /* Pods-tw-testTests.debug.xcconfig */ = {isa = PBXFileReference; includeInIndex = 1; lastKnownFileType = text.xcconfig; name = "Pods-tw-testTests.debug.xcconfig"; path = "Target Support Files/Pods-tw-testTests/Pods-tw-testTests.debug.xcconfig"; sourceTree = "<group>"; };
		94E48A4D427A980476713818 /* Pods-tw-test-tw-testUITests.release.xcconfig */ = {isa = PBXFileReference; includeInIndex = 1; lastKnownFileType = text.xcconfig; name = "Pods-tw-test-tw-testUITests.release.xcconfig"; path = "Target Support Files/Pods-tw-test-tw-testUITests/Pods-tw-test-tw-testUITests.release.xcconfig"; sourceTree = "<group>"; };
		9845C7AA0864270C3404F9CF /* Pods_tw_test_tw_testUITests.framework */ = {isa = PBXFileReference; explicitFileType = wrapper.framework; includeInIndex = 0; path = Pods_tw_test_tw_testUITests.framework; sourceTree = BUILT_PRODUCTS_DIR; };
		9F27D49FCF512B06B48CB760 /* Pods_tw_test.framework */ = {isa = PBXFileReference; explicitFileType = wrapper.framework; includeInIndex = 0; path = Pods_tw_test.framework; sourceTree = BUILT_PRODUCTS_DIR; };
		BA6AE03F6B1F62D8525399C6 /* Pods-tw-test.debug.xcconfig */ = {isa = PBXFileReference; includeInIndex = 1; lastKnownFileType = text.xcconfig; name = "Pods-tw-test.debug.xcconfig"; path = "Target Support Files/Pods-tw-test/Pods-tw-test.debug.xcconfig"; sourceTree = "<group>"; };
		F440A5DEE1E4B23ABE722826 /* Pods-tw-test-tw-testUITests.debug.xcconfig */ = {isa = PBXFileReference; includeInIndex = 1; lastKnownFileType = text.xcconfig; name = "Pods-tw-test-tw-testUITests.debug.xcconfig"; path = "Target Support Files/Pods-tw-test-tw-testUITests/Pods-tw-test-tw-testUITests.debug.xcconfig"; sourceTree = "<group>"; };
		F9C23A657C37FFE63067C7DA /* Pods-tw-test.release.xcconfig */ = {isa = PBXFileReference; includeInIndex = 1; lastKnownFileType = text.xcconfig; name = "Pods-tw-test.release.xcconfig"; path = "Target Support Files/Pods-tw-test/Pods-tw-test.release.xcconfig"; sourceTree = "<group>"; };
/* End PBXFileReference section */

/* Begin PBXFrameworksBuildPhase section */
		43D5F8692A529E4B00014D99 /* Frameworks */ = {
			isa = PBXFrameworksBuildPhase;
			buildActionMask = 2147483647;
			files = (
				6C3A93EDE869E11AC221E811 /* Pods_tw_test.framework in Frameworks */,
			);
			runOnlyForDeploymentPostprocessing = 0;
		};
		43D5F87F2A529E5000014D99 /* Frameworks */ = {
			isa = PBXFrameworksBuildPhase;
			buildActionMask = 2147483647;
			files = (
				CF910ED2A23417F42E732E44 /* Pods_tw_testTests.framework in Frameworks */,
			);
			runOnlyForDeploymentPostprocessing = 0;
		};
/* End PBXFrameworksBuildPhase section */

/* Begin PBXGroup section */
		1168B526FF2BA2D619D3902C /* Pods */ = {
			isa = PBXGroup;
			children = (
				BA6AE03F6B1F62D8525399C6 /* Pods-tw-test.debug.xcconfig */,
				F9C23A657C37FFE63067C7DA /* Pods-tw-test.release.xcconfig */,
				F440A5DEE1E4B23ABE722826 /* Pods-tw-test-tw-testUITests.debug.xcconfig */,
				94E48A4D427A980476713818 /* Pods-tw-test-tw-testUITests.release.xcconfig */,
				840F65D447D6EA47D8253219 /* Pods-tw-testTests.debug.xcconfig */,
				561908F3873810C215C7BB4C /* Pods-tw-testTests.release.xcconfig */,
			);
			path = Pods;
			sourceTree = "<group>";
		};
		43D5F8632A529E4B00014D99 = {
			isa = PBXGroup;
			children = (
				43D5F86E2A529E4B00014D99 /* tw-test */,
				43D5F8852A529E5000014D99 /* tw-testTests */,
				43D5F86D2A529E4B00014D99 /* Products */,
				1168B526FF2BA2D619D3902C /* Pods */,
				8E4CDB4431BDEA4D09437FBD /* Frameworks */,
			);
			sourceTree = "<group>";
		};
		43D5F86D2A529E4B00014D99 /* Products */ = {
			isa = PBXGroup;
			children = (
				43D5F86C2A529E4B00014D99 /* tw-test.app */,
				43D5F8822A529E5000014D99 /* tw-testTests.xctest */,
			);
			name = Products;
			sourceTree = "<group>";
		};
		43D5F86E2A529E4B00014D99 /* tw-test */ = {
			isa = PBXGroup;
			children = (
				43D5F8A62A52A01F00014D99 /* resources */,
				43D5F87D2A529E5000014D99 /* Info.plist */,
				43D5F86F2A529E4B00014D99 /* AppDelegate.swift */,
				43D5F8782A529E5000014D99 /* Assets.xcassets */,
				43D5F8A22A529F9C00014D99 /* core */,
				43D5F8A32A529FA300014D99 /* datasources */,
				43D5F87A2A529E5000014D99 /* LaunchScreen.storyboard */,
				43D5F8752A529E4B00014D99 /* Main.storyboard */,
				43D5F89F2A529F8600014D99 /* models */,
				43D5F8A02A529F8C00014D99 /* viewmodels */,
				43D5F8A12A529F9100014D99 /* views */,
			);
			path = "tw-test";
			sourceTree = "<group>";
		};
		43D5F8852A529E5000014D99 /* tw-testTests */ = {
			isa = PBXGroup;
			children = (
				43D5F8AA2A52A06500014D99 /* ModelTests.swift */,
				43D5F8BF2A52A21400014D99 /* ContactListViewModelTests.swift */,
				43D5F8C12A52A22000014D99 /* ContactDetailViewModelTests.swift */,
			);
			path = "tw-testTests";
			sourceTree = "<group>";
		};
		43D5F89F2A529F8600014D99 /* models */ = {
			isa = PBXGroup;
			children = (
				43D5F8AC2A52A08E00014D99 /* Contact.swift */,
			);
			path = models;
			sourceTree = "<group>";
		};
		43D5F8A02A529F8C00014D99 /* viewmodels */ = {
			isa = PBXGroup;
			children = (
				43D5F8B32A52A12F00014D99 /* ContactListViewModel.swift */,
				43D5F8B62A52A13900014D99 /* ContactDetailViewModel.swift */,
			);
			path = viewmodels;
			sourceTree = "<group>";
		};
		43D5F8A12A529F9100014D99 /* views */ = {
			isa = PBXGroup;
			children = (
				43D5F8A52A52A01100014D99 /* contact_detail */,
				43D5F8A42A52A00A00014D99 /* contact_list */,
			);
			path = views;
			sourceTree = "<group>";
		};
		43D5F8A22A529F9C00014D99 /* core */ = {
			isa = PBXGroup;
			children = (
				43D5F8AF2A52A10900014D99 /* design */,
			);
			path = core;
			sourceTree = "<group>";
		};
		43D5F8A32A529FA300014D99 /* datasources */ = {
			isa = PBXGroup;
			children = (
			);
			path = datasources;
			sourceTree = "<group>";
		};
		43D5F8A42A52A00A00014D99 /* contact_list */ = {
			isa = PBXGroup;
			children = (
				43D5F8732A529E4B00014D99 /* ContactListViewController.swift */,
			);
			path = contact_list;
			sourceTree = "<group>";
		};
		43D5F8A52A52A01100014D99 /* contact_detail */ = {
			isa = PBXGroup;
			children = (
				43D5F8B92A52A17200014D99 /* ContactDetailViewController.swift */,
			);
			path = contact_detail;
			sourceTree = "<group>";
		};
		43D5F8A62A52A01F00014D99 /* resources */ = {
			isa = PBXGroup;
			children = (
				43D5F8A72A52A04700014D99 /* data.json */,
			);
			path = resources;
			sourceTree = "<group>";
		};
		43D5F8AF2A52A10900014D99 /* design */ = {
			isa = PBXGroup;
			children = (
				43D5F8B02A52A11500014D99 /* Colors.swift */,
			);
			path = design;
			sourceTree = "<group>";
		};
		8E4CDB4431BDEA4D09437FBD /* Frameworks */ = {
			isa = PBXGroup;
			children = (
				9F27D49FCF512B06B48CB760 /* Pods_tw_test.framework */,
				9845C7AA0864270C3404F9CF /* Pods_tw_test_tw_testUITests.framework */,
				54DAA0ED7DA3F2EB710DCF07 /* Pods_tw_testTests.framework */,
			);
			name = Frameworks;
			sourceTree = "<group>";
		};
/* End PBXGroup section */

/* Begin PBXNativeTarget section */
		43D5F86B2A529E4B00014D99 /* tw-test */ = {
			isa = PBXNativeTarget;
			buildConfigurationList = 43D5F8962A529E5000014D99 /* Build configuration list for PBXNativeTarget "tw-test" */;
			buildPhases = (
				796E0B270DF1EA10FC70C319 /* [CP] Check Pods Manifest.lock */,
				43D5F8682A529E4B00014D99 /* Sources */,
				43D5F8692A529E4B00014D99 /* Frameworks */,
				43D5F86A2A529E4B00014D99 /* Resources */,
				D9A12E0DDF62E2BA65947D21 /* [CP] Embed Pods Frameworks */,
			);
			buildRules = (
			);
			dependencies = (
			);
			name = "tw-test";
			productName = "tw-test";
			productReference = 43D5F86C2A529E4B00014D99 /* tw-test.app */;
			productType = "com.apple.product-type.application";
		};
		43D5F8812A529E5000014D99 /* tw-testTests */ = {
			isa = PBXNativeTarget;
			buildConfigurationList = 43D5F8992A529E5000014D99 /* Build configuration list for PBXNativeTarget "tw-testTests" */;
			buildPhases = (
				5F794DCC0A07BFBCF67FBB60 /* [CP] Check Pods Manifest.lock */,
				43D5F87E2A529E5000014D99 /* Sources */,
				43D5F87F2A529E5000014D99 /* Frameworks */,
				43D5F8802A529E5000014D99 /* Resources */,
			);
			buildRules = (
			);
			dependencies = (
				43D5F8842A529E5000014D99 /* PBXTargetDependency */,
			);
			name = "tw-testTests";
			productName = "tw-testTests";
			productReference = 43D5F8822A529E5000014D99 /* tw-testTests.xctest */;
			productType = "com.apple.product-type.bundle.unit-test";
		};
/* End PBXNativeTarget section */

/* Begin PBXProject section */
		43D5F8642A529E4B00014D99 /* Project object */ = {
			isa = PBXProject;
			attributes = {
				BuildIndependentTargetsInParallel = 1;
				LastSwiftUpdateCheck = 1400;
				LastUpgradeCheck = 1400;
				TargetAttributes = {
					43D5F86B2A529E4B00014D99 = {
						CreatedOnToolsVersion = 14.0;
					};
					43D5F8812A529E5000014D99 = {
						CreatedOnToolsVersion = 14.0;
						LastSwiftMigration = 1400;
						TestTargetID = 43D5F86B2A529E4B00014D99;
					};
				};
			};
			buildConfigurationList = 43D5F8672A529E4B00014D99 /* Build configuration list for PBXProject "tw-test" */;
			compatibilityVersion = "Xcode 14.0";
			developmentRegion = en;
			hasScannedForEncodings = 0;
			knownRegions = (
				en,
				Base,
			);
			mainGroup = 43D5F8632A529E4B00014D99;
			productRefGroup = 43D5F86D2A529E4B00014D99 /* Products */;
			projectDirPath = "";
			projectRoot = "";
			targets = (
				43D5F86B2A529E4B00014D99 /* tw-test */,
				43D5F8812A529E5000014D99 /* tw-testTests */,
			);
		};
/* End PBXProject section */

/* Begin PBXResourcesBuildPhase section */
		43D5F86A2A529E4B00014D99 /* Resources */ = {
			isa = PBXResourcesBuildPhase;
			buildActionMask = 2147483647;
			files = (
				43D5F87C2A529E5000014D99 /* LaunchScreen.storyboard in Resources */,
				43D5F8792A529E5000014D99 /* Assets.xcassets in Resources */,
				43D5F8772A529E4B00014D99 /* Main.storyboard in Resources */,
				43D5F8A82A52A04700014D99 /* data.json in Resources */,
			);
			runOnlyForDeploymentPostprocessing = 0;
		};
		43D5F8802A529E5000014D99 /* Resources */ = {
			isa = PBXResourcesBuildPhase;
			buildActionMask = 2147483647;
			files = (
				43D5F8A92A52A04700014D99 /* data.json in Resources */,
			);
			runOnlyForDeploymentPostprocessing = 0;
		};
/* End PBXResourcesBuildPhase section */

/* Begin PBXShellScriptBuildPhase section */
		5F794DCC0A07BFBCF67FBB60 /* [CP] Check Pods Manifest.lock */ = {
			isa = PBXShellScriptBuildPhase;
			buildActionMask = 2147483647;
			files = (
			);
			inputFileListPaths = (
			);
			inputPaths = (
				"${PODS_PODFILE_DIR_PATH}/Podfile.lock",
				"${PODS_ROOT}/Manifest.lock",
			);
			name = "[CP] Check Pods Manifest.lock";
			outputFileListPaths = (
			);
			outputPaths = (
				"$(DERIVED_FILE_DIR)/Pods-tw-testTests-checkManifestLockResult.txt",
			);
			runOnlyForDeploymentPostprocessing = 0;
			shellPath = /bin/sh;
			shellScript = "diff \"${PODS_PODFILE_DIR_PATH}/Podfile.lock\" \"${PODS_ROOT}/Manifest.lock\" > /dev/null\nif [ $? != 0 ] ; then\n    # print error to STDERR\n    echo \"error: The sandbox is not in sync with the Podfile.lock. Run 'pod install' or update your CocoaPods installation.\" >&2\n    exit 1\nfi\n# This output is used by Xcode 'outputs' to avoid re-running this script phase.\necho \"SUCCESS\" > \"${SCRIPT_OUTPUT_FILE_0}\"\n";
			showEnvVarsInLog = 0;
		};
		796E0B270DF1EA10FC70C319 /* [CP] Check Pods Manifest.lock */ = {
			isa = PBXShellScriptBuildPhase;
			buildActionMask = 2147483647;
			files = (
			);
			inputFileListPaths = (
			);
			inputPaths = (
				"${PODS_PODFILE_DIR_PATH}/Podfile.lock",
				"${PODS_ROOT}/Manifest.lock",
			);
			name = "[CP] Check Pods Manifest.lock";
			outputFileListPaths = (
			);
			outputPaths = (
				"$(DERIVED_FILE_DIR)/Pods-tw-test-checkManifestLockResult.txt",
			);
			runOnlyForDeploymentPostprocessing = 0;
			shellPath = /bin/sh;
			shellScript = "diff \"${PODS_PODFILE_DIR_PATH}/Podfile.lock\" \"${PODS_ROOT}/Manifest.lock\" > /dev/null\nif [ $? != 0 ] ; then\n    # print error to STDERR\n    echo \"error: The sandbox is not in sync with the Podfile.lock. Run 'pod install' or update your CocoaPods installation.\" >&2\n    exit 1\nfi\n# This output is used by Xcode 'outputs' to avoid re-running this script phase.\necho \"SUCCESS\" > \"${SCRIPT_OUTPUT_FILE_0}\"\n";
			showEnvVarsInLog = 0;
		};
		D9A12E0DDF62E2BA65947D21 /* [CP] Embed Pods Frameworks */ = {
			isa = PBXShellScriptBuildPhase;
			buildActionMask = 2147483647;
			files = (
			);
			inputFileListPaths = (
				"${PODS_ROOT}/Target Support Files/Pods-tw-test/Pods-tw-test-frameworks-${CONFIGURATION}-input-files.xcfilelist",
			);
			name = "[CP] Embed Pods Frameworks";
			outputFileListPaths = (
				"${PODS_ROOT}/Target Support Files/Pods-tw-test/Pods-tw-test-frameworks-${CONFIGURATION}-output-files.xcfilelist",
			);
			runOnlyForDeploymentPostprocessing = 0;
			shellPath = /bin/sh;
			shellScript = "\"${PODS_ROOT}/Target Support Files/Pods-tw-test/Pods-tw-test-frameworks.sh\"\n";
			showEnvVarsInLog = 0;
		};
/* End PBXShellScriptBuildPhase section */

/* Begin PBXSourcesBuildPhase section */
		43D5F8682A529E4B00014D99 /* Sources */ = {
			isa = PBXSourcesBuildPhase;
			buildActionMask = 2147483647;
			files = (
				43D5F8B42A52A12F00014D99 /* ContactListViewModel.swift in Sources */,
				43D5F8AD2A52A08E00014D99 /* Contact.swift in Sources */,
				43D5F8B12A52A11500014D99 /* Colors.swift in Sources */,
				43D5F8BA2A52A17200014D99 /* ContactDetailViewController.swift in Sources */,
				43D5F8742A529E4B00014D99 /* ContactListViewController.swift in Sources */,
				43D5F8B72A52A13900014D99 /* ContactDetailViewModel.swift in Sources */,
				43D5F8702A529E4B00014D99 /* AppDelegate.swift in Sources */,
			);
			runOnlyForDeploymentPostprocessing = 0;
		};
		43D5F87E2A529E5000014D99 /* Sources */ = {
			isa = PBXSourcesBuildPhase;
			buildActionMask = 2147483647;
			files = (
				43D5F8AE2A52A08E00014D99 /* Contact.swift in Sources */,
				43D5F8B52A52A12F00014D99 /* ContactListViewModel.swift in Sources */,
				43D5F8C02A52A21400014D99 /* ContactListViewModelTests.swift in Sources */,
				43D5F8B22A52A11500014D99 /* Colors.swift in Sources */,
				43D5F8B82A52A13900014D99 /* ContactDetailViewModel.swift in Sources */,
				43D5F8BB2A52A17200014D99 /* ContactDetailViewController.swift in Sources */,
				43D5F8C22A52A22000014D99 /* ContactDetailViewModelTests.swift in Sources */,
				43D5F8AB2A52A06500014D99 /* ModelTests.swift in Sources */,
			);
			runOnlyForDeploymentPostprocessing = 0;
		};
/* End PBXSourcesBuildPhase section */

/* Begin PBXTargetDependency section */
		43D5F8842A529E5000014D99 /* PBXTargetDependency */ = {
			isa = PBXTargetDependency;
			target = 43D5F86B2A529E4B00014D99 /* tw-test */;
			targetProxy = 43D5F8832A529E5000014D99 /* PBXContainerItemProxy */;
		};
/* End PBXTargetDependency section */

/* Begin PBXVariantGroup section */
		43D5F8752A529E4B00014D99 /* Main.storyboard */ = {
			isa = PBXVariantGroup;
			children = (
				43D5F8762A529E4B00014D99 /* Base */,
			);
			name = Main.storyboard;
			sourceTree = "<group>";
		};
		43D5F87A2A529E5000014D99 /* LaunchScreen.storyboard */ = {
			isa = PBXVariantGroup;
			children = (
				43D5F87B2A529E5000014D99 /* Base */,
			);
			name = LaunchScreen.storyboard;
			sourceTree = "<group>";
		};
/* End PBXVariantGroup section */

/* Begin XCBuildConfiguration section */
		43D5F8942A529E5000014D99 /* Debug */ = {
			isa = XCBuildConfiguration;
			buildSettings = {
				ALWAYS_SEARCH_USER_PATHS = NO;
				CLANG_ANALYZER_NONNULL = YES;
				CLANG_ANALYZER_NUMBER_OBJECT_CONVERSION = YES_AGGRESSIVE;
				CLANG_CXX_LANGUAGE_STANDARD = "gnu++20";
				CLANG_ENABLE_MODULES = YES;
				CLANG_ENABLE_OBJC_ARC = YES;
				CLANG_ENABLE_OBJC_WEAK = YES;
				CLANG_WARN_BLOCK_CAPTURE_AUTORELEASING = YES;
				CLANG_WARN_BOOL_CONVERSION = YES;
				CLANG_WARN_COMMA = YES;
				CLANG_WARN_CONSTANT_CONVERSION = YES;
				CLANG_WARN_DEPRECATED_OBJC_IMPLEMENTATIONS = YES;
				CLANG_WARN_DIRECT_OBJC_ISA_USAGE = YES_ERROR;
				CLANG_WARN_DOCUMENTATION_COMMENTS = YES;
				CLANG_WARN_EMPTY_BODY = YES;
				CLANG_WARN_ENUM_CONVERSION = YES;
				CLANG_WARN_INFINITE_RECURSION = YES;
				CLANG_WARN_INT_CONVERSION = YES;
				CLANG_WARN_NON_LITERAL_NULL_CONVERSION = YES;
				CLANG_WARN_OBJC_IMPLICIT_RETAIN_SELF = YES;
				CLANG_WARN_OBJC_LITERAL_CONVERSION = YES;
				CLANG_WARN_OBJC_ROOT_CLASS = YES_ERROR;
				CLANG_WARN_QUOTED_INCLUDE_IN_FRAMEWORK_HEADER = YES;
				CLANG_WARN_RANGE_LOOP_ANALYSIS = YES;
				CLANG_WARN_STRICT_PROTOTYPES = YES;
				CLANG_WARN_SUSPICIOUS_MOVE = YES;
				CLANG_WARN_UNGUARDED_AVAILABILITY = YES_AGGRESSIVE;
				CLANG_WARN_UNREACHABLE_CODE = YES;
				CLANG_WARN__DUPLICATE_METHOD_MATCH = YES;
				COPY_PHASE_STRIP = NO;
				DEBUG_INFORMATION_FORMAT = dwarf;
				ENABLE_STRICT_OBJC_MSGSEND = YES;
				ENABLE_TESTABILITY = YES;
				GCC_C_LANGUAGE_STANDARD = gnu11;
				GCC_DYNAMIC_NO_PIC = NO;
				GCC_NO_COMMON_BLOCKS = YES;
				GCC_OPTIMIZATION_LEVEL = 0;
				GCC_PREPROCESSOR_DEFINITIONS = (
					"DEBUG=1",
					"$(inherited)",
				);
				GCC_WARN_64_TO_32_BIT_CONVERSION = YES;
				GCC_WARN_ABOUT_RETURN_TYPE = YES_ERROR;
				GCC_WARN_UNDECLARED_SELECTOR = YES;
				GCC_WARN_UNINITIALIZED_AUTOS = YES_AGGRESSIVE;
				GCC_WARN_UNUSED_FUNCTION = YES;
				GCC_WARN_UNUSED_VARIABLE = YES;
				IPHONEOS_DEPLOYMENT_TARGET = 16.0;
				MTL_ENABLE_DEBUG_INFO = INCLUDE_SOURCE;
				MTL_FAST_MATH = YES;
				ONLY_ACTIVE_ARCH = YES;
				SDKROOT = iphoneos;
				SWIFT_ACTIVE_COMPILATION_CONDITIONS = DEBUG;
				SWIFT_OPTIMIZATION_LEVEL = "-Onone";
			};
			name = Debug;
		};
		43D5F8952A529E5000014D99 /* Release */ = {
			isa = XCBuildConfiguration;
			buildSettings = {
				ALWAYS_SEARCH_USER_PATHS = NO;
				CLANG_ANALYZER_NONNULL = YES;
				CLANG_ANALYZER_NUMBER_OBJECT_CONVERSION = YES_AGGRESSIVE;
				CLANG_CXX_LANGUAGE_STANDARD = "gnu++20";
				CLANG_ENABLE_MODULES = YES;
				CLANG_ENABLE_OBJC_ARC = YES;
				CLANG_ENABLE_OBJC_WEAK = YES;
				CLANG_WARN_BLOCK_CAPTURE_AUTORELEASING = YES;
				CLANG_WARN_BOOL_CONVERSION = YES;
				CLANG_WARN_COMMA = YES;
				CLANG_WARN_CONSTANT_CONVERSION = YES;
				CLANG_WARN_DEPRECATED_OBJC_IMPLEMENTATIONS = YES;
				CLANG_WARN_DIRECT_OBJC_ISA_USAGE = YES_ERROR;
				CLANG_WARN_DOCUMENTATION_COMMENTS = YES;
				CLANG_WARN_EMPTY_BODY = YES;
				CLANG_WARN_ENUM_CONVERSION = YES;
				CLANG_WARN_INFINITE_RECURSION = YES;
				CLANG_WARN_INT_CONVERSION = YES;
				CLANG_WARN_NON_LITERAL_NULL_CONVERSION = YES;
				CLANG_WARN_OBJC_IMPLICIT_RETAIN_SELF = YES;
				CLANG_WARN_OBJC_LITERAL_CONVERSION = YES;
				CLANG_WARN_OBJC_ROOT_CLASS = YES_ERROR;
				CLANG_WARN_QUOTED_INCLUDE_IN_FRAMEWORK_HEADER = YES;
				CLANG_WARN_RANGE_LOOP_ANALYSIS = YES;
				CLANG_WARN_STRICT_PROTOTYPES = YES;
				CLANG_WARN_SUSPICIOUS_MOVE = YES;
				CLANG_WARN_UNGUARDED_AVAILABILITY = YES_AGGRESSIVE;
				CLANG_WARN_UNREACHABLE_CODE = YES;
				CLANG_WARN__DUPLICATE_METHOD_MATCH = YES;
				COPY_PHASE_STRIP = NO;
				DEBUG_INFORMATION_FORMAT = "dwarf-with-dsym";
				ENABLE_NS_ASSERTIONS = NO;
				ENABLE_STRICT_OBJC_MSGSEND = YES;
				GCC_C_LANGUAGE_STANDARD = gnu11;
				GCC_NO_COMMON_BLOCKS = YES;
				GCC_WARN_64_TO_32_BIT_CONVERSION = YES;
				GCC_WARN_ABOUT_RETURN_TYPE = YES_ERROR;
				GCC_WARN_UNDECLARED_SELECTOR = YES;
				GCC_WARN_UNINITIALIZED_AUTOS = YES_AGGRESSIVE;
				GCC_WARN_UNUSED_FUNCTION = YES;
				GCC_WARN_UNUSED_VARIABLE = YES;
				IPHONEOS_DEPLOYMENT_TARGET = 16.0;
				MTL_ENABLE_DEBUG_INFO = NO;
				MTL_FAST_MATH = YES;
				SDKROOT = iphoneos;
				SWIFT_COMPILATION_MODE = wholemodule;
				SWIFT_OPTIMIZATION_LEVEL = "-O";
				VALIDATE_PRODUCT = YES;
			};
			name = Release;
		};
		43D5F8972A529E5000014D99 /* Debug */ = {
			isa = XCBuildConfiguration;
			baseConfigurationReference = BA6AE03F6B1F62D8525399C6 /* Pods-tw-test.debug.xcconfig */;
			buildSettings = {
				ASSETCATALOG_COMPILER_APPICON_NAME = AppIcon;
				ASSETCATALOG_COMPILER_GLOBAL_ACCENT_COLOR_NAME = AccentColor;
				CODE_SIGN_STYLE = Automatic;
				CURRENT_PROJECT_VERSION = 1;
				GENERATE_INFOPLIST_FILE = YES;
				INFOPLIST_FILE = "tw-test/Info.plist";
				INFOPLIST_KEY_UIApplicationSupportsIndirectInputEvents = YES;
				INFOPLIST_KEY_UILaunchStoryboardName = LaunchScreen;
				INFOPLIST_KEY_UIMainStoryboardFile = Main;
				INFOPLIST_KEY_UISupportedInterfaceOrientations_iPad = "UIInterfaceOrientationPortrait UIInterfaceOrientationPortraitUpsideDown UIInterfaceOrientationLandscapeLeft UIInterfaceOrientationLandscapeRight";
				INFOPLIST_KEY_UISupportedInterfaceOrientations_iPhone = "UIInterfaceOrientationPortrait UIInterfaceOrientationLandscapeLeft UIInterfaceOrientationLandscapeRight";
				LD_RUNPATH_SEARCH_PATHS = (
					"$(inherited)",
					"@executable_path/Frameworks",
				);
				MARKETING_VERSION = 1.0;
				PRODUCT_BUNDLE_IDENTIFIER = "com.tw.tw-test";
				PRODUCT_NAME = "$(TARGET_NAME)";
				SWIFT_EMIT_LOC_STRINGS = YES;
				SWIFT_VERSION = 5.0;
				TARGETED_DEVICE_FAMILY = "1,2";
			};
			name = Debug;
		};
		43D5F8982A529E5000014D99 /* Release */ = {
			isa = XCBuildConfiguration;
			baseConfigurationReference = F9C23A657C37FFE63067C7DA /* Pods-tw-test.release.xcconfig */;
			buildSettings = {
				ASSETCATALOG_COMPILER_APPICON_NAME = AppIcon;
				ASSETCATALOG_COMPILER_GLOBAL_ACCENT_COLOR_NAME = AccentColor;
				CODE_SIGN_STYLE = Automatic;
				CURRENT_PROJECT_VERSION = 1;
				GENERATE_INFOPLIST_FILE = YES;
				INFOPLIST_FILE = "tw-test/Info.plist";
				INFOPLIST_KEY_UIApplicationSupportsIndirectInputEvents = YES;
				INFOPLIST_KEY_UILaunchStoryboardName = LaunchScreen;
				INFOPLIST_KEY_UIMainStoryboardFile = Main;
				INFOPLIST_KEY_UISupportedInterfaceOrientations_iPad = "UIInterfaceOrientationPortrait UIInterfaceOrientationPortraitUpsideDown UIInterfaceOrientationLandscapeLeft UIInterfaceOrientationLandscapeRight";
				INFOPLIST_KEY_UISupportedInterfaceOrientations_iPhone = "UIInterfaceOrientationPortrait UIInterfaceOrientationLandscapeLeft UIInterfaceOrientationLandscapeRight";
				LD_RUNPATH_SEARCH_PATHS = (
					"$(inherited)",
					"@executable_path/Frameworks",
				);
				MARKETING_VERSION = 1.0;
				PRODUCT_BUNDLE_IDENTIFIER = "com.tw.tw-test";
				PRODUCT_NAME = "$(TARGET_NAME)";
				SWIFT_EMIT_LOC_STRINGS = YES;
				SWIFT_VERSION = 5.0;
				TARGETED_DEVICE_FAMILY = "1,2";
			};
			name = Release;
		};
		43D5F89A2A529E5000014D99 /* Debug */ = {
			isa = XCBuildConfiguration;
			baseConfigurationReference = 840F65D447D6EA47D8253219 /* Pods-tw-testTests.debug.xcconfig */;
			buildSettings = {
				ALWAYS_EMBED_SWIFT_STANDARD_LIBRARIES = YES;
				BUNDLE_LOADER = "$(TEST_HOST)";
				CLANG_ENABLE_MODULES = YES;
				CODE_SIGN_STYLE = Automatic;
				CURRENT_PROJECT_VERSION = 1;
				GENERATE_INFOPLIST_FILE = YES;
				IPHONEOS_DEPLOYMENT_TARGET = 16.0;
				LD_RUNPATH_SEARCH_PATHS = (
					"$(inherited)",
					"@executable_path/Frameworks",
					"@loader_path/Frameworks",
				);
				MARKETING_VERSION = 1.0;
				PRODUCT_BUNDLE_IDENTIFIER = "com.tw.tw-testTests";
				PRODUCT_NAME = "$(TARGET_NAME)";
				SWIFT_EMIT_LOC_STRINGS = NO;
				SWIFT_OPTIMIZATION_LEVEL = "-Onone";
				SWIFT_VERSION = 5.0;
				TARGETED_DEVICE_FAMILY = "1,2";
				TEST_HOST = "$(BUILT_PRODUCTS_DIR)/tw-test.app/$(BUNDLE_EXECUTABLE_FOLDER_PATH)/tw-test";
			};
			name = Debug;
		};
		43D5F89B2A529E5000014D99 /* Release */ = {
			isa = XCBuildConfiguration;
			baseConfigurationReference = 561908F3873810C215C7BB4C /* Pods-tw-testTests.release.xcconfig */;
			buildSettings = {
				ALWAYS_EMBED_SWIFT_STANDARD_LIBRARIES = YES;
				BUNDLE_LOADER = "$(TEST_HOST)";
				CLANG_ENABLE_MODULES = YES;
				CODE_SIGN_STYLE = Automatic;
				CURRENT_PROJECT_VERSION = 1;
				GENERATE_INFOPLIST_FILE = YES;
				IPHONEOS_DEPLOYMENT_TARGET = 16.0;
				LD_RUNPATH_SEARCH_PATHS = (
					"$(inherited)",
					"@executable_path/Frameworks",
					"@loader_path/Frameworks",
				);
				MARKETING_VERSION = 1.0;
				PRODUCT_BUNDLE_IDENTIFIER = "com.tw.tw-testTests";
				PRODUCT_NAME = "$(TARGET_NAME)";
				SWIFT_EMIT_LOC_STRINGS = NO;
				SWIFT_VERSION = 5.0;
				TARGETED_DEVICE_FAMILY = "1,2";
				TEST_HOST = "$(BUILT_PRODUCTS_DIR)/tw-test.app/$(BUNDLE_EXECUTABLE_FOLDER_PATH)/tw-test";
			};
			name = Release;
		};
/* End XCBuildConfiguration section */

/* Begin XCConfigurationList section */
		43D5F8672A529E4B00014D99 /* Build configuration list for PBXProject "tw-test" */ = {
			isa = XCConfigurationList;
			buildConfigurations = (
				43D5F8942A529E5000014D99 /* Debug */,
				43D5F8952A529E5000014D99 /* Release */,
			);
			defaultConfigurationIsVisible = 0;
			defaultConfigurationName = Release;
		};
		43D5F8962A529E5000014D99 /* Build configuration list for PBXNativeTarget "tw-test" */ = {
			isa = XCConfigurationList;
			buildConfigurations = (
				43D5F8972A529E5000014D99 /* Debug */,
				43D5F8982A529E5000014D99 /* Release */,
			);
			defaultConfigurationIsVisible = 0;
			defaultConfigurationName = Release;
		};
		43D5F8992A529E5000014D99 /* Build configuration list for PBXNativeTarget "tw-testTests" */ = {
			isa = XCConfigurationList;
			buildConfigurations = (
				43D5F89A2A529E5000014D99 /* Debug */,
				43D5F89B2A529E5000014D99 /* Release */,
			);
			defaultConfigurationIsVisible = 0;
			defaultConfigurationName = Release;
		};
/* End XCConfigurationList section */
	};
	rootObject = 43D5F8642A529E4B00014D99 /* Project object */;
}
